// !$*UTF8*$!
{
	archiveVersion = 1;
	classes = {
	};
	objectVersion = 50;
	objects = {

/* Begin PBXBuildFile section */
		201F0A6D240FD2B20001BF99 /* AppDelegate.swift in Sources */ = {isa = PBXBuildFile; fileRef = 201F0A6C240FD2B20001BF99 /* AppDelegate.swift */; };
		201F0A6F240FD2B20001BF99 /* SceneDelegate.swift in Sources */ = {isa = PBXBuildFile; fileRef = 201F0A6E240FD2B20001BF99 /* SceneDelegate.swift */; };
		201F0A71240FD2B20001BF99 /* ViewController.swift in Sources */ = {isa = PBXBuildFile; fileRef = 201F0A70240FD2B20001BF99 /* ViewController.swift */; };
		201F0A74240FD2B20001BF99 /* Main.storyboard in Resources */ = {isa = PBXBuildFile; fileRef = 201F0A72240FD2B20001BF99 /* Main.storyboard */; };
		201F0A76240FD2B20001BF99 /* Assets.xcassets in Resources */ = {isa = PBXBuildFile; fileRef = 201F0A75240FD2B20001BF99 /* Assets.xcassets */; };
		201F0A79240FD2B20001BF99 /* LaunchScreen.storyboard in Resources */ = {isa = PBXBuildFile; fileRef = 201F0A77240FD2B20001BF99 /* LaunchScreen.storyboard */; };
/* End PBXBuildFile section */

/* Begin PBXFileReference section */
		201F0A69240FD2B20001BF99 /* Music player.app */ = {isa = PBXFileReference; explicitFileType = wrapper.application; includeInIndex = 0; path = "Music player.app"; sourceTree = BUILT_PRODUCTS_DIR; };
		201F0A6C240FD2B20001BF99 /* AppDelegate.swift */ = {isa = PBXFileReference; lastKnownFileType = sourcecode.swift; path = AppDelegate.swift; sourceTree = "<group>"; };
		201F0A6E240FD2B20001BF99 /* SceneDelegate.swift */ = {isa = PBXFileReference; lastKnownFileType = sourcecode.swift; path = SceneDelegate.swift; sourceTree = "<group>"; };
		201F0A70240FD2B20001BF99 /* ViewController.swift */ = {isa = PBXFileReference; lastKnownFileType = sourcecode.swift; path = ViewController.swift; sourceTree = "<group>"; };
		201F0A73240FD2B20001BF99 /* Base */ = {isa = PBXFileReference; lastKnownFileType = file.storyboard; name = Base; path = Base.lproj/Main.storyboard; sourceTree = "<group>"; };
		201F0A75240FD2B20001BF99 /* Assets.xcassets */ = {isa = PBXFileReference; lastKnownFileType = folder.assetcatalog; path = Assets.xcassets; sourceTree = "<group>"; };
		201F0A78240FD2B20001BF99 /* Base */ = {isa = PBXFileReference; lastKnownFileType = file.storyboard; name = Base; path = Base.lproj/LaunchScreen.storyboard; sourceTree = "<group>"; };
		201F0A7A240FD2B20001BF99 /* Info.plist */ = {isa = PBXFileReference; lastKnownFileType = text.plist.xml; path = Info.plist; sourceTree = "<group>"; };
/* End PBXFileReference section */

/* Begin PBXFrameworksBuildPhase section */
		201F0A66240FD2B20001BF99 /* Frameworks */ = {
			isa = PBXFrameworksBuildPhase;
			buildActionMask = 2147483647;
			files = (
			);
			runOnlyForDeploymentPostprocessing = 0;
		};
/* End PBXFrameworksBuildPhase section */

/* Begin PBXGroup section */
		201F0A60240FD2B20001BF99 = {
			isa = PBXGroup;
			children = (
				201F0A6B240FD2B20001BF99 /* Music player */,
				201F0A6A240FD2B20001BF99 /* Products */,
			);
			sourceTree = "<group>";
		};
		201F0A6A240FD2B20001BF99 /* Products */ = {
			isa = PBXGroup;
			children = (
				201F0A69240FD2B20001BF99 /* Music player.app */,
			);
			name = Products;
			sourceTree = "<group>";
		};
		201F0A6B240FD2B20001BF99 /* Music player */ = {
			isa = PBXGroup;
			children = (
				201F0A6C240FD2B20001BF99 /* AppDelegate.swift */,
				201F0A6E240FD2B20001BF99 /* SceneDelegate.swift */,
				201F0A70240FD2B20001BF99 /* ViewController.swift */,
				201F0A72240FD2B20001BF99 /* Main.storyboard */,
				201F0A75240FD2B20001BF99 /* Assets.xcassets */,
				201F0A77240FD2B20001BF99 /* LaunchScreen.storyboard */,
				201F0A7A240FD2B20001BF99 /* Info.plist */,
			);
			path = "Music player";
			sourceTree = "<group>";
		};
/* End PBXGroup section */

/* Begin PBXNativeTarget section */
		201F0A68240FD2B20001BF99 /* Music player */ = {
			isa = PBXNativeTarget;
			buildConfigurationList = 201F0A7D240FD2B20001BF99 /* Build configuration list for PBXNativeTarget "Music player" */;
			buildPhases = (
				201F0A65240FD2B20001BF99 /* Sources */,
				201F0A66240FD2B20001BF99 /* Frameworks */,
				201F0A67240FD2B20001BF99 /* Resources */,
			);
			buildRules = (
			);
			dependencies = (
			);
			name = "Music player";
			productName = "Music player";
			productReference = 201F0A69240FD2B20001BF99 /* Music player.app */;
			productType = "com.apple.product-type.application";
		};
/* End PBXNativeTarget section */

/* Begin PBXProject section */
		201F0A61240FD2B20001BF99 /* Project object */ = {
			isa = PBXProject;
			attributes = {
				LastSwiftUpdateCheck = 1130;
				LastUpgradeCheck = 1130;
				ORGANIZATIONNAME = "이용광";
				TargetAttributes = {
					201F0A68240FD2B20001BF99 = {
						CreatedOnToolsVersion = 11.3.1;
					};
				};
			};
			buildConfigurationList = 201F0A64240FD2B20001BF99 /* Build configuration list for PBXProject "Music player" */;
			compatibilityVersion = "Xcode 9.3";
			developmentRegion = en;
			hasScannedForEncodings = 0;
			knownRegions = (
				en,
				Base,
			);
			mainGroup = 201F0A60240FD2B20001BF99;
			productRefGroup = 201F0A6A240FD2B20001BF99 /* Products */;
			projectDirPath = "";
			projectRoot = "";
			targets = (
				201F0A68240FD2B20001BF99 /* Music player */,
			);
		};
/* End PBXProject section */

/* Begin PBXResourcesBuildPhase section */
		201F0A67240FD2B20001BF99 /* Resources */ = {
			isa = PBXResourcesBuildPhase;
			buildActionMask = 2147483647;
			files = (
				201F0A79240FD2B20001BF99 /* LaunchScreen.storyboard in Resources */,
				201F0A76240FD2B20001BF99 /* Assets.xcassets in Resources */,
				201F0A74240FD2B20001BF99 /* Main.storyboard in Resources */,
			);
			runOnlyForDeploymentPostprocessing = 0;
		};
/* End PBXResourcesBuildPhase section */

/* Begin PBXSourcesBuildPhase section */
		201F0A65240FD2B20001BF99 /* Sources */ = {
			isa = PBXSourcesBuildPhase;
			buildActionMask = 2147483647;
			files = (
				201F0A71240FD2B20001BF99 /* ViewController.swift in Sources */,
				201F0A6D240FD2B20001BF99 /* AppDelegate.swift in Sources */,
				201F0A6F240FD2B20001BF99 /* SceneDelegate.swift in Sources */,
			);
			runOnlyForDeploymentPostprocessing = 0;
		};
/* End PBXSourcesBuildPhase section */

/* Begin PBXVariantGroup section */
		201F0A72240FD2B20001BF99 /* Main.storyboard */ = {
			isa = PBXVariantGroup;
			children = (
				201F0A73240FD2B20001BF99 /* Base */,
			);
			name = Main.storyboard;
			sourceTree = "<group>";
		};
		201F0A77240FD2B20001BF99 /* LaunchScreen.storyboard */ = {
			isa = PBXVariantGroup;
			children = (
				201F0A78240FD2B20001BF99 /* Base */,
			);
			name = LaunchScreen.storyboard;
			sourceTree = "<group>";
		};
/* End PBXVariantGroup section */

/* Begin XCBuildConfiguration section */
		201F0A7B240FD2B20001BF99 /* Debug */ = {
			isa = XCBuildConfiguration;
			buildSettings = {
				ALWAYS_SEARCH_USER_PATHS = NO;
				CLANG_ANALYZER_NONNULL = YES;
				CLANG_ANALYZER_NUMBER_OBJECT_CONVERSION = YES_AGGRESSIVE;
				CLANG_CXX_LANGUAGE_STANDARD = "gnu++14";
				CLANG_CXX_LIBRARY = "libc++";
				CLANG_ENABLE_MODULES = YES;
				CLANG_ENABLE_OBJC_ARC = YES;
				CLANG_ENABLE_OBJC_WEAK = YES;
				CLANG_WARN_BLOCK_CAPTURE_AUTORELEASING = YES;
				CLANG_WARN_BOOL_CONVERSION = YES;
				CLANG_WARN_COMMA = YES;
				CLANG_WARN_CONSTANT_CONVERSION = YES;
				CLANG_WARN_DEPRECATED_OBJC_IMPLEMENTATIONS = YES;
				CLANG_WARN_DIRECT_OBJC_ISA_USAGE = YES_ERROR;
				CLANG_WARN_DOCUMENTATION_COMMENTS = YES;
				CLANG_WARN_EMPTY_BODY = YES;
				CLANG_WARN_ENUM_CONVERSION = YES;
				CLANG_WARN_INFINITE_RECURSION = YES;
				CLANG_WARN_INT_CONVERSION = YES;
				CLANG_WARN_NON_LITERAL_NULL_CONVERSION = YES;
				CLANG_WARN_OBJC_IMPLICIT_RETAIN_SELF = YES;
				CLANG_WARN_OBJC_LITERAL_CONVERSION = YES;
				CLANG_WARN_OBJC_ROOT_CLASS = YES_ERROR;
				CLANG_WARN_RANGE_LOOP_ANALYSIS = YES;
				CLANG_WARN_STRICT_PROTOTYPES = YES;
				CLANG_WARN_SUSPICIOUS_MOVE = YES;
				CLANG_WARN_UNGUARDED_AVAILABILITY = YES_AGGRESSIVE;
				CLANG_WARN_UNREACHABLE_CODE = YES;
				CLANG_WARN__DUPLICATE_METHOD_MATCH = YES;
				COPY_PHASE_STRIP = NO;
				DEBUG_INFORMATION_FORMAT = dwarf;
				ENABLE_STRICT_OBJC_MSGSEND = YES;
				ENABLE_TESTABILITY = YES;
				GCC_C_LANGUAGE_STANDARD = gnu11;
				GCC_DYNAMIC_NO_PIC = NO;
				GCC_NO_COMMON_BLOCKS = YES;
				GCC_OPTIMIZATION_LEVEL = 0;
				GCC_PREPROCESSOR_DEFINITIONS = (
					"DEBUG=1",
					"$(inherited)",
				);
				GCC_WARN_64_TO_32_BIT_CONVERSION = YES;
				GCC_WARN_ABOUT_RETURN_TYPE = YES_ERROR;
				GCC_WARN_UNDECLARED_SELECTOR = YES;
				GCC_WARN_UNINITIALIZED_AUTOS = YES_AGGRESSIVE;
				GCC_WARN_UNUSED_FUNCTION = YES;
				GCC_WARN_UNUSED_VARIABLE = YES;
				IPHONEOS_DEPLOYMENT_TARGET = 13.2;
				MTL_ENABLE_DEBUG_INFO = INCLUDE_SOURCE;
				MTL_FAST_MATH = YES;
				ONLY_ACTIVE_ARCH = YES;
				SDKROOT = iphoneos;
				SWIFT_ACTIVE_COMPILATION_CONDITIONS = DEBUG;
				SWIFT_OPTIMIZATION_LEVEL = "-Onone";
			};
			name = Debug;
		};
		201F0A7C240FD2B20001BF99 /* Release */ = {
			isa = XCBuildConfiguration;
			buildSettings = {
				ALWAYS_SEARCH_USER_PATHS = NO;
				CLANG_ANALYZER_NONNULL = YES;
				CLANG_ANALYZER_NUMBER_OBJECT_CONVERSION = YES_AGGRESSIVE;
				CLANG_CXX_LANGUAGE_STANDARD = "gnu++14";
				CLANG_CXX_LIBRARY = "libc++";
				CLANG_ENABLE_MODULES = YES;
				CLANG_ENABLE_OBJC_ARC = YES;
				CLANG_ENABLE_OBJC_WEAK = YES;
				CLANG_WARN_BLOCK_CAPTURE_AUTORELEASING = YES;
				CLANG_WARN_BOOL_CONVERSION = YES;
				CLANG_WARN_COMMA = YES;
				CLANG_WARN_CONSTANT_CONVERSION = YES;
				CLANG_WARN_DEPRECATED_OBJC_IMPLEMENTATIONS = YES;
				CLANG_WARN_DIRECT_OBJC_ISA_USAGE = YES_ERROR;
				CLANG_WARN_DOCUMENTATION_COMMENTS = YES;
				CLANG_WARN_EMPTY_BODY = YES;
				CLANG_WARN_ENUM_CONVERSION = YES;
				CLANG_WARN_INFINITE_RECURSION = YES;
				CLANG_WARN_INT_CONVERSION = YES;
				CLANG_WARN_NON_LITERAL_NULL_CONVERSION = YES;
				CLANG_WARN_OBJC_IMPLICIT_RETAIN_SELF = YES;
				CLANG_WARN_OBJC_LITERAL_CONVERSION = YES;
				CLANG_WARN_OBJC_ROOT_CLASS = YES_ERROR;
				CLANG_WARN_RANGE_LOOP_ANALYSIS = YES;
				CLANG_WARN_STRICT_PROTOTYPES = YES;
				CLANG_WARN_SUSPICIOUS_MOVE = YES;
				CLANG_WARN_UNGUARDED_AVAILABILITY = YES_AGGRESSIVE;
				CLANG_WARN_UNREACHABLE_CODE = YES;
				CLANG_WARN__DUPLICATE_METHOD_MATCH = YES;
				COPY_PHASE_STRIP = NO;
				DEBUG_INFORMATION_FORMAT = "dwarf-with-dsym";
				ENABLE_NS_ASSERTIONS = NO;
				ENABLE_STRICT_OBJC_MSGSEND = YES;
				GCC_C_LANGUAGE_STANDARD = gnu11;
				GCC_NO_COMMON_BLOCKS = YES;
				GCC_WARN_64_TO_32_BIT_CONVERSION = YES;
				GCC_WARN_ABOUT_RETURN_TYPE = YES_ERROR;
				GCC_WARN_UNDECLARED_SELECTOR = YES;
				GCC_WARN_UNINITIALIZED_AUTOS = YES_AGGRESSIVE;
				GCC_WARN_UNUSED_FUNCTION = YES;
				GCC_WARN_UNUSED_VARIABLE = YES;
				IPHONEOS_DEPLOYMENT_TARGET = 13.2;
				MTL_ENABLE_DEBUG_INFO = NO;
				MTL_FAST_MATH = YES;
				SDKROOT = iphoneos;
				SWIFT_COMPILATION_MODE = wholemodule;
				SWIFT_OPTIMIZATION_LEVEL = "-O";
				VALIDATE_PRODUCT = YES;
			};
			name = Release;
		};
		201F0A7E240FD2B20001BF99 /* Debug */ = {
			isa = XCBuildConfiguration;
			buildSettings = {
				ASSETCATALOG_COMPILER_APPICON_NAME = AppIcon;
				CODE_SIGN_STYLE = Automatic;
				INFOPLIST_FILE = "Music player/Info.plist";
				LD_RUNPATH_SEARCH_PATHS = (
					"$(inherited)",
					"@executable_path/Frameworks",
				);
				PRODUCT_BUNDLE_IDENTIFIER = "net.yongkwang.Music-player";
				PRODUCT_NAME = "$(TARGET_NAME)";
				SWIFT_VERSION = 5.0;
				TARGETED_DEVICE_FAMILY = "1,2";
			};
			name = Debug;
		};
		201F0A7F240FD2B20001BF99 /* Release */ = {
			isa = XCBuildConfiguration;
			buildSettings = {
				ASSETCATALOG_COMPILER_APPICON_NAME = AppIcon;
				CODE_SIGN_STYLE = Automatic;
				INFOPLIST_FILE = "Music player/Info.plist";
				LD_RUNPATH_SEARCH_PATHS = (
					"$(inherited)",
					"@executable_path/Frameworks",
				);
				PRODUCT_BUNDLE_IDENTIFIER = "net.yongkwang.Music-player";
				PRODUCT_NAME = "$(TARGET_NAME)";
				SWIFT_VERSION = 5.0;
				TARGETED_DEVICE_FAMILY = "1,2";
			};
			name = Release;
		};
/* End XCBuildConfiguration section */

/* Begin XCConfigurationList section */
		201F0A64240FD2B20001BF99 /* Build configuration list for PBXProject "Music player" */ = {
			isa = XCConfigurationList;
			buildConfigurations = (
				201F0A7B240FD2B20001BF99 /* Debug */,
				201F0A7C240FD2B20001BF99 /* Release */,
			);
			defaultConfigurationIsVisible = 0;
			defaultConfigurationName = Release;
		};
		201F0A7D240FD2B20001BF99 /* Build configuration list for PBXNativeTarget "Music player" */ = {
			isa = XCConfigurationList;
			buildConfigurations = (
				201F0A7E240FD2B20001BF99 /* Debug */,
				201F0A7F240FD2B20001BF99 /* Release */,
			);
			defaultConfigurationIsVisible = 0;
			defaultConfigurationName = Release;
		};
/* End XCConfigurationList section */
	};
	rootObject = 201F0A61240FD2B20001BF99 /* Project object */;
}
